
Microsoft Visual Studio Solution File, Format Version 12.00
# Visual Studio 14
VisualStudioVersion = 14.0.23107.0
MinimumVisualStudioVersion = 10.0.40219.1
Project("{FAE04EC0-301F-11D3-BF4B-00C04F79EFBC}") = "LTHW.WebApi", "LTHW.WebApi\LTHW.WebApi.csproj", "{AC32ACA3-FD62-415E-A570-85393CA2D563}"
EndProject
Project("{FAE04EC0-301F-11D3-BF4B-00C04F79EFBC}") = "LTHW.WebApi.Tests", "LTHW.WebApi.Tests\LTHW.WebApi.Tests.csproj", "{D5FCAE2E-E0D9-42C8-8232-E3BAD246E76B}"
EndProject
Project("{2150E333-8FDC-42A3-9474-1A3956D46DE8}") = "LTHW.Service", "LTHW.Service", "{07A48C83-CC2C-4B97-A288-4C81B02D38DE}"
EndProject
Project("{2150E333-8FDC-42A3-9474-1A3956D46DE8}") = "LTHW.Common", "LTHW.Common", "{99E84B19-E838-4F9C-9987-4E68D20F1A9E}"
EndProject
Project("{2150E333-8FDC-42A3-9474-1A3956D46DE8}") = "LTHW.Model", "LTHW.Model", "{85F21A0D-F6D4-40E5-BEE0-CAABACB4B387}"
EndProject
Project("{2150E333-8FDC-42A3-9474-1A3956D46DE8}") = "LTHW.Data", "LTHW.Data", "{0C55E145-D64B-49D5-AB4F-065B5AA86A13}"
EndProject
Project("{FAE04EC0-301F-11D3-BF4B-00C04F79EFBC}") = "LTHW.Utility", "LTHW.Utility\LTHW.Utility.csproj", "{504B2BB1-9637-49FA-A8A3-D2A74EB4BCA9}"
EndProject
Project("{FAE04EC0-301F-11D3-BF4B-00C04F79EFBC}") = "LTHW.Model", "LTHW.Model\LTHW.Model.csproj", "{59201FE3-26A7-4625-BD3E-D7639B55CB03}"
EndProject
Project("{FAE04EC0-301F-11D3-BF4B-00C04F79EFBC}") = "LTHW.DAL", "LTHW.DAL\LTHW.DAL.csproj", "{FD55D4B6-5C69-4546-993F-139E2D3DC8EC}"
EndProject
Project("{FAE04EC0-301F-11D3-BF4B-00C04F79EFBC}") = "LTHW.IDAL", "LTHW.IDAL\LTHW.IDAL.csproj", "{FBFCA7A3-E259-4B24-81BA-EEB756F38E7B}"
EndProject
Project("{FAE04EC0-301F-11D3-BF4B-00C04F79EFBC}") = "LTHW.BLL", "LTHW.BLL\LTHW.BLL.csproj", "{3E317956-EA93-497B-A7C7-F15F9216FD26}"
EndProject
Project("{FAE04EC0-301F-11D3-BF4B-00C04F79EFBC}") = "LTHW.IBLL", "LTHW.IBLL\LTHW.IBLL.csproj", "{8E26F961-4DDD-4CA8-92A4-C9A82506B7E4}"
EndProject
Project("{FAE04EC0-301F-11D3-BF4B-00C04F79EFBC}") = "LTHW.Weixin.Framework", "LTHW.Weixin.Framework\LTHW.Weixin.Framework.csproj", "{84705E12-87AB-4E66-AD58-E4D0D359B6B4}"
EndProject
Global
	GlobalSection(SolutionConfigurationPlatforms) = preSolution
		Debug|Any CPU = Debug|Any CPU
		Release|Any CPU = Release|Any CPU
	EndGlobalSection
	GlobalSection(ProjectConfigurationPlatforms) = postSolution
		{AC32ACA3-FD62-415E-A570-85393CA2D563}.Debug|Any CPU.ActiveCfg = Debug|Any CPU
		{AC32ACA3-FD62-415E-A570-85393CA2D563}.Debug|Any CPU.Build.0 = Debug|Any CPU
		{AC32ACA3-FD62-415E-A570-85393CA2D563}.Release|Any CPU.ActiveCfg = Release|Any CPU
		{AC32ACA3-FD62-415E-A570-85393CA2D563}.Release|Any CPU.Build.0 = Release|Any CPU
		{D5FCAE2E-E0D9-42C8-8232-E3BAD246E76B}.Debug|Any CPU.ActiveCfg = Debug|Any CPU
		{D5FCAE2E-E0D9-42C8-8232-E3BAD246E76B}.Debug|Any CPU.Build.0 = Debug|Any CPU
		{D5FCAE2E-E0D9-42C8-8232-E3BAD246E76B}.Release|Any CPU.ActiveCfg = Release|Any CPU
		{D5FCAE2E-E0D9-42C8-8232-E3BAD246E76B}.Release|Any CPU.Build.0 = Release|Any CPU
		{504B2BB1-9637-49FA-A8A3-D2A74EB4BCA9}.Debug|Any CPU.ActiveCfg = Debug|Any CPU
		{504B2BB1-9637-49FA-A8A3-D2A74EB4BCA9}.Debug|Any CPU.Build.0 = Debug|Any CPU
		{504B2BB1-9637-49FA-A8A3-D2A74EB4BCA9}.Release|Any CPU.ActiveCfg = Release|Any CPU
		{504B2BB1-9637-49FA-A8A3-D2A74EB4BCA9}.Release|Any CPU.Build.0 = Release|Any CPU
		{59201FE3-26A7-4625-BD3E-D7639B55CB03}.Debug|Any CPU.ActiveCfg = Debug|Any CPU
		{59201FE3-26A7-4625-BD3E-D7639B55CB03}.Debug|Any CPU.Build.0 = Debug|Any CPU
		{59201FE3-26A7-4625-BD3E-D7639B55CB03}.Release|Any CPU.ActiveCfg = Release|Any CPU
		{59201FE3-26A7-4625-BD3E-D7639B55CB03}.Release|Any CPU.Build.0 = Release|Any CPU
		{FD55D4B6-5C69-4546-993F-139E2D3DC8EC}.Debug|Any CPU.ActiveCfg = Debug|Any CPU
		{FD55D4B6-5C69-4546-993F-139E2D3DC8EC}.Debug|Any CPU.Build.0 = Debug|Any CPU
		{FD55D4B6-5C69-4546-993F-139E2D3DC8EC}.Release|Any CPU.ActiveCfg = Release|Any CPU
		{FD55D4B6-5C69-4546-993F-139E2D3DC8EC}.Release|Any CPU.Build.0 = Release|Any CPU
		{FBFCA7A3-E259-4B24-81BA-EEB756F38E7B}.Debug|Any CPU.ActiveCfg = Debug|Any CPU
		{FBFCA7A3-E259-4B24-81BA-EEB756F38E7B}.Debug|Any CPU.Build.0 = Debug|Any CPU
		{FBFCA7A3-E259-4B24-81BA-EEB756F38E7B}.Release|Any CPU.ActiveCfg = Release|Any CPU
		{FBFCA7A3-E259-4B24-81BA-EEB756F38E7B}.Release|Any CPU.Build.0 = Release|Any CPU
		{3E317956-EA93-497B-A7C7-F15F9216FD26}.Debug|Any CPU.ActiveCfg = Debug|Any CPU
		{3E317956-EA93-497B-A7C7-F15F9216FD26}.Debug|Any CPU.Build.0 = Debug|Any CPU
		{3E317956-EA93-497B-A7C7-F15F9216FD26}.Release|Any CPU.ActiveCfg = Release|Any CPU
		{3E317956-EA93-497B-A7C7-F15F9216FD26}.Release|Any CPU.Build.0 = Release|Any CPU
		{8E26F961-4DDD-4CA8-92A4-C9A82506B7E4}.Debug|Any CPU.ActiveCfg = Debug|Any CPU
		{8E26F961-4DDD-4CA8-92A4-C9A82506B7E4}.Debug|Any CPU.Build.0 = Debug|Any CPU
		{8E26F961-4DDD-4CA8-92A4-C9A82506B7E4}.Release|Any CPU.ActiveCfg = Release|Any CPU
		{8E26F961-4DDD-4CA8-92A4-C9A82506B7E4}.Release|Any CPU.Build.0 = Release|Any CPU
		{84705E12-87AB-4E66-AD58-E4D0D359B6B4}.Debug|Any CPU.ActiveCfg = Debug|Any CPU
		{84705E12-87AB-4E66-AD58-E4D0D359B6B4}.Debug|Any CPU.Build.0 = Debug|Any CPU
		{84705E12-87AB-4E66-AD58-E4D0D359B6B4}.Release|Any CPU.ActiveCfg = Release|Any CPU
		{84705E12-87AB-4E66-AD58-E4D0D359B6B4}.Release|Any CPU.Build.0 = Release|Any CPU
	EndGlobalSection
	GlobalSection(SolutionProperties) = preSolution
		HideSolutionNode = FALSE
	EndGlobalSection
	GlobalSection(NestedProjects) = preSolution
		{504B2BB1-9637-49FA-A8A3-D2A74EB4BCA9} = {99E84B19-E838-4F9C-9987-4E68D20F1A9E}
		{59201FE3-26A7-4625-BD3E-D7639B55CB03} = {85F21A0D-F6D4-40E5-BEE0-CAABACB4B387}
		{FD55D4B6-5C69-4546-993F-139E2D3DC8EC} = {0C55E145-D64B-49D5-AB4F-065B5AA86A13}
		{FBFCA7A3-E259-4B24-81BA-EEB756F38E7B} = {0C55E145-D64B-49D5-AB4F-065B5AA86A13}
		{3E317956-EA93-497B-A7C7-F15F9216FD26} = {07A48C83-CC2C-4B97-A288-4C81B02D38DE}
		{8E26F961-4DDD-4CA8-92A4-C9A82506B7E4} = {07A48C83-CC2C-4B97-A288-4C81B02D38DE}
		{84705E12-87AB-4E66-AD58-E4D0D359B6B4} = {99E84B19-E838-4F9C-9987-4E68D20F1A9E}
	EndGlobalSection
EndGlobal
